// !$*UTF8*$!
{
	archiveVersion = 1;
	classes = {
	};
	objectVersion = 77;
	objects = {

/* Begin PBXBuildFile section */
		0128F6B23AC5F864E2B97B58 /* Preloader.swift in Sources */ = {isa = PBXBuildFile; fileRef = D9A59E3D58DFA02F1D36A12C /* Preloader.swift */; };
		0244F1FB61A34DF764407286 /* TextReader.swift in Sources */ = {isa = PBXBuildFile; fileRef = BF28591F663540B14E234A7B /* TextReader.swift */; };
		02BF78B498232079710AC1AF /* AnalyzeView.swift in Sources */ = {isa = PBXBuildFile; fileRef = 68D5992E1058B33601F871FC /* AnalyzeView.swift */; };
		0744C04A12CE5B3237BC6C6F /* TextConsolidator.swift in Sources */ = {isa = PBXBuildFile; fileRef = C7AC696040FE59E1987F3400 /* TextConsolidator.swift */; };
		0E6C916EDD4CAC6D7FD4437F /* ArtRaster.swift in Sources */ = {isa = PBXBuildFile; fileRef = 0FDCC97F2465E97A7BDC4992 /* ArtRaster.swift */; };
		191C045A950FDD5A295CDD0B /* BoundingBox.swift in Sources */ = {isa = PBXBuildFile; fileRef = 272AB201EA684ECBB6A6DE24 /* BoundingBox.swift */; };
		1C4112677B9292B4392B3C3D /* MainScreen.swift in Sources */ = {isa = PBXBuildFile; fileRef = 83C9D8DAB1B7AB3CD5F4CDE7 /* MainScreen.swift */; };
		2CEEA1F445DA57CB98D0BDA6 /* HandHighlight.swift in Sources */ = {isa = PBXBuildFile; fileRef = 08C95FBFA6D313133260559A /* HandHighlight.swift */; };
		2D239C92CA04D0DB9C877061 /* HomeScreen.swift in Sources */ = {isa = PBXBuildFile; fileRef = 25AE8B98C924BB363BF7AED8 /* HomeScreen.swift */; };
		391B8B22F8E66954154253EC /* Floating.swift in Sources */ = {isa = PBXBuildFile; fileRef = 1CA05BACD95D4DD9D68FE3DC /* Floating.swift */; };
		421484C7BD362AF1F18AAFFF /* App.swift in Sources */ = {isa = PBXBuildFile; fileRef = 1ADA98FBD5C78F1B3857D0BC /* App.swift */; };
		4708DF3DB51BFF4E08766703 /* PageTransition.swift in Sources */ = {isa = PBXBuildFile; fileRef = 943348DA5A76860DF7A00C9C /* PageTransition.swift */; };
		52B158C1C0DFC46E6F3EE7D2 /* CameraController.swift in Sources */ = {isa = PBXBuildFile; fileRef = 2552798524A1C27CEC39EC8E /* CameraController.swift */; };
		536A270FCAE7B83045493559 /* ContentView.swift in Sources */ = {isa = PBXBuildFile; fileRef = D042B4C320C0A8030FCE89C3 /* ContentView.swift */; };
		66D5DCF67111EBE36774E101 /* YOLOv10n_EGOHOS.mlpackage in Sources */ = {isa = PBXBuildFile; fileRef = 1661E6CEAFB4C3F4E95D6F39 /* YOLOv10n_EGOHOS.mlpackage */; };
		788E5A87F60B5A901EFF72A3 /* Speaker.swift in Sources */ = {isa = PBXBuildFile; fileRef = 94A24548AA65659AF3D98F67 /* Speaker.swift */; };
		7CDC9606A4B4D38D6CE05093 /* InteractionAnnouncer.swift in Sources */ = {isa = PBXBuildFile; fileRef = B072411656FD1C35E3592A23 /* InteractionAnnouncer.swift */; };
		7CDDF775603879A49D65F52E /* yolo26n-seg.mlpackage in Sources */ = {isa = PBXBuildFile; fileRef = 64F6761A78E6C7A20C73A1D1 /* yolo26n-seg.mlpackage */; };
		86A7B3980A15F2671920DFFF /* VolumeHUDHider.swift in Sources */ = {isa = PBXBuildFile; fileRef = 469FDC05A5B5FE8A4925FDC2 /* VolumeHUDHider.swift */; };
		89A2CBF80488EF3D05D533D3 /* ModelStore.swift in Sources */ = {isa = PBXBuildFile; fileRef = 1093E5574AC6103355203B9E /* ModelStore.swift */; };
		9BF35FA1407D1C82F46C303B /* LoadingScreen.swift in Sources */ = {isa = PBXBuildFile; fileRef = C29E78E1A8A53BEE858D1CE1 /* LoadingScreen.swift */; };
		A094129BFDB2A8F550FE7633 /* GuidanceRipple.swift in Sources */ = {isa = PBXBuildFile; fileRef = BE5473080B61AA09B9C3EFB6 /* GuidanceRipple.swift */; };
		A099AD42A5AFBE77CE205D88 /* WaterVisualizer.swift in Sources */ = {isa = PBXBuildFile; fileRef = E461E6687B4974F080215D52 /* WaterVisualizer.swift */; };
		A144C02B25E4943CDB562414 /* ObjectConversation.swift in Sources */ = {isa = PBXBuildFile; fileRef = AABE1AE776C61D5609C3AA53 /* ObjectConversation.swift */; };
		A4A967BD545C6D3733A0B36E /* AgentSession.swift in Sources */ = {isa = PBXBuildFile; fileRef = 47ED24F688C2262653605BBB /* AgentSession.swift */; };
		A595B93E55A795E64C1D6C8B /* Segmentation.swift in Sources */ = {isa = PBXBuildFile; fileRef = 81F6B9BA60B38A233C43A596 /* Segmentation.swift */; };
		B0C979EC02F0C4FD5B6048C7 /* ObjectDetection.swift in Sources */ = {isa = PBXBuildFile; fileRef = AC836258EA6D85AF03B410B2 /* ObjectDetection.swift */; };
		B2232D365B4B6691C1D0E66E /* EyeMotion.swift in Sources */ = {isa = PBXBuildFile; fileRef = 167B060653111F9B3D3F7C72 /* EyeMotion.swift */; };
		B2F826878AC92D43EFCB812B /* Assets.xcassets in Resources */ = {isa = PBXBuildFile; fileRef = 04022284DE5C3A42ACE8C238 /* Assets.xcassets */; };
		B395B7B3FBEF4249FC1C6F2C /* MainArt.swift in Sources */ = {isa = PBXBuildFile; fileRef = 9D39750D2450B79995FB7009 /* MainArt.swift */; };
		BD6ABCBDD32B5D2D36A09361 /* Secrets.swift.example in Resources */ = {isa = PBXBuildFile; fileRef = 5CBFD54516A2BE2BA11AB950 /* Secrets.swift.example */; };
		C02D354B64C321964111F0BF /* HomeArt.swift in Sources */ = {isa = PBXBuildFile; fileRef = A79294FF0E3302AD38048183 /* HomeArt.swift */; };
		C783690B777A0AAB355ADBD6 /* ConversationWater.swift in Sources */ = {isa = PBXBuildFile; fileRef = 075925305FE0EFB4A8FE5940 /* ConversationWater.swift */; };
		CF2BA737758600827A80C04F /* TargetParser.swift in Sources */ = {isa = PBXBuildFile; fileRef = 7F6AF529E6A62A09FE173B83 /* TargetParser.swift */; };
		CF45367F13F801659E000F32 /* BubbleTitle.swift in Sources */ = {isa = PBXBuildFile; fileRef = 63B65148AF6C036D950000E3 /* BubbleTitle.swift */; };
		CF5E0A993DACD5B901B6D0D6 /* ListeningIndicator.swift in Sources */ = {isa = PBXBuildFile; fileRef = FCBF7EE06BA5F4C4C842A4E4 /* ListeningIndicator.swift */; };
		D11F61F2E882936D794193DC /* VoiceListener.swift in Sources */ = {isa = PBXBuildFile; fileRef = D3F7D5E3895552FC8298F5D9 /* VoiceListener.swift */; };
		D47952F7B88DFCDCD0009CD9 /* ArtLayer.swift in Sources */ = {isa = PBXBuildFile; fileRef = B6EB0867995CD53A7FDE9BDA /* ArtLayer.swift */; };
		D716FA4AE2161C85EA0F4CC9 /* CameraView.swift in Sources */ = {isa = PBXBuildFile; fileRef = 6563B8BE5EBDABE5DDE83D5D /* CameraView.swift */; };
		E2072F342DAF544C6A564709 /* ElevenLabs in Frameworks */ = {isa = PBXBuildFile; productRef = C3C1E510C6FB3E478F51A79B /* ElevenLabs */; };
		E26FD30B4385B7C2FC62FEC1 /* StatusBlob.swift in Sources */ = {isa = PBXBuildFile; fileRef = 042CD5AF293CF5660EA95F25 /* StatusBlob.swift */; };
		E9C7FB4161032AE67243F8E5 /* Secrets.swift in Sources */ = {isa = PBXBuildFile; fileRef = C71DF88D8113DD76FBDCD793 /* Secrets.swift */; };
		FD378C8B85B1306FFF03D430 /* AudioLevels.swift in Sources */ = {isa = PBXBuildFile; fileRef = CD463215E3C783458B577589 /* AudioLevels.swift */; };
/* End PBXBuildFile section */

/* Begin PBXFileReference section */
		04022284DE5C3A42ACE8C238 /* Assets.xcassets */ = {isa = PBXFileReference; lastKnownFileType = folder.assetcatalog; path = Assets.xcassets; sourceTree = "<group>"; };
		042CD5AF293CF5660EA95F25 /* StatusBlob.swift */ = {isa = PBXFileReference; lastKnownFileType = sourcecode.swift; path = StatusBlob.swift; sourceTree = "<group>"; };
		075925305FE0EFB4A8FE5940 /* ConversationWater.swift */ = {isa = PBXFileReference; lastKnownFileType = sourcecode.swift; path = ConversationWater.swift; sourceTree = "<group>"; };
		08C95FBFA6D313133260559A /* HandHighlight.swift */ = {isa = PBXFileReference; lastKnownFileType = sourcecode.swift; path = HandHighlight.swift; sourceTree = "<group>"; };
		0FDCC97F2465E97A7BDC4992 /* ArtRaster.swift */ = {isa = PBXFileReference; lastKnownFileType = sourcecode.swift; path = ArtRaster.swift; sourceTree = "<group>"; };
		1093E5574AC6103355203B9E /* ModelStore.swift */ = {isa = PBXFileReference; lastKnownFileType = sourcecode.swift; path = ModelStore.swift; sourceTree = "<group>"; };
		1661E6CEAFB4C3F4E95D6F39 /* YOLOv10n_EGOHOS.mlpackage */ = {isa = PBXFileReference; lastKnownFileType = folder.mlpackage; path = YOLOv10n_EGOHOS.mlpackage; sourceTree = "<group>"; };
		167B060653111F9B3D3F7C72 /* EyeMotion.swift */ = {isa = PBXFileReference; lastKnownFileType = sourcecode.swift; path = EyeMotion.swift; sourceTree = "<group>"; };
		1ADA98FBD5C78F1B3857D0BC /* App.swift */ = {isa = PBXFileReference; lastKnownFileType = sourcecode.swift; path = App.swift; sourceTree = "<group>"; };
		1CA05BACD95D4DD9D68FE3DC /* Floating.swift */ = {isa = PBXFileReference; lastKnownFileType = sourcecode.swift; path = Floating.swift; sourceTree = "<group>"; };
		2552798524A1C27CEC39EC8E /* CameraController.swift */ = {isa = PBXFileReference; lastKnownFileType = sourcecode.swift; path = CameraController.swift; sourceTree = "<group>"; };
		25AE8B98C924BB363BF7AED8 /* HomeScreen.swift */ = {isa = PBXFileReference; lastKnownFileType = sourcecode.swift; path = HomeScreen.swift; sourceTree = "<group>"; };
		272AB201EA684ECBB6A6DE24 /* BoundingBox.swift */ = {isa = PBXFileReference; lastKnownFileType = sourcecode.swift; path = BoundingBox.swift; sourceTree = "<group>"; };
		469FDC05A5B5FE8A4925FDC2 /* VolumeHUDHider.swift */ = {isa = PBXFileReference; lastKnownFileType = sourcecode.swift; path = VolumeHUDHider.swift; sourceTree = "<group>"; };
		47ED24F688C2262653605BBB /* AgentSession.swift */ = {isa = PBXFileReference; lastKnownFileType = sourcecode.swift; path = AgentSession.swift; sourceTree = "<group>"; };
		5CBFD54516A2BE2BA11AB950 /* Secrets.swift.example */ = {isa = PBXFileReference; lastKnownFileType = text; path = Secrets.swift.example; sourceTree = "<group>"; };
		63B65148AF6C036D950000E3 /* BubbleTitle.swift */ = {isa = PBXFileReference; lastKnownFileType = sourcecode.swift; path = BubbleTitle.swift; sourceTree = "<group>"; };
		64F6761A78E6C7A20C73A1D1 /* yolo26n-seg.mlpackage */ = {isa = PBXFileReference; lastKnownFileType = folder.mlpackage; path = "yolo26n-seg.mlpackage"; sourceTree = "<group>"; };
		6563B8BE5EBDABE5DDE83D5D /* CameraView.swift */ = {isa = PBXFileReference; lastKnownFileType = sourcecode.swift; path = CameraView.swift; sourceTree = "<group>"; };
		670DC86C0DB18949CDB87DC1 /* Probe.app */ = {isa = PBXFileReference; explicitFileType = wrapper.application; includeInIndex = 0; path = Probe.app; sourceTree = BUILT_PRODUCTS_DIR; };
		68D5992E1058B33601F871FC /* AnalyzeView.swift */ = {isa = PBXFileReference; lastKnownFileType = sourcecode.swift; path = AnalyzeView.swift; sourceTree = "<group>"; };
		7F6AF529E6A62A09FE173B83 /* TargetParser.swift */ = {isa = PBXFileReference; lastKnownFileType = sourcecode.swift; path = TargetParser.swift; sourceTree = "<group>"; };
		81F6B9BA60B38A233C43A596 /* Segmentation.swift */ = {isa = PBXFileReference; lastKnownFileType = sourcecode.swift; path = Segmentation.swift; sourceTree = "<group>"; };
		83C9D8DAB1B7AB3CD5F4CDE7 /* MainScreen.swift */ = {isa = PBXFileReference; lastKnownFileType = sourcecode.swift; path = MainScreen.swift; sourceTree = "<group>"; };
		943348DA5A76860DF7A00C9C /* PageTransition.swift */ = {isa = PBXFileReference; lastKnownFileType = sourcecode.swift; path = PageTransition.swift; sourceTree = "<group>"; };
		94A24548AA65659AF3D98F67 /* Speaker.swift */ = {isa = PBXFileReference; lastKnownFileType = sourcecode.swift; path = Speaker.swift; sourceTree = "<group>"; };
		9D39750D2450B79995FB7009 /* MainArt.swift */ = {isa = PBXFileReference; lastKnownFileType = sourcecode.swift; path = MainArt.swift; sourceTree = "<group>"; };
		A79294FF0E3302AD38048183 /* HomeArt.swift */ = {isa = PBXFileReference; lastKnownFileType = sourcecode.swift; path = HomeArt.swift; sourceTree = "<group>"; };
		AABE1AE776C61D5609C3AA53 /* ObjectConversation.swift */ = {isa = PBXFileReference; lastKnownFileType = sourcecode.swift; path = ObjectConversation.swift; sourceTree = "<group>"; };
		AC836258EA6D85AF03B410B2 /* ObjectDetection.swift */ = {isa = PBXFileReference; lastKnownFileType = sourcecode.swift; path = ObjectDetection.swift; sourceTree = "<group>"; };
		B072411656FD1C35E3592A23 /* InteractionAnnouncer.swift */ = {isa = PBXFileReference; lastKnownFileType = sourcecode.swift; path = InteractionAnnouncer.swift; sourceTree = "<group>"; };
		B6EB0867995CD53A7FDE9BDA /* ArtLayer.swift */ = {isa = PBXFileReference; lastKnownFileType = sourcecode.swift; path = ArtLayer.swift; sourceTree = "<group>"; };
		BE5473080B61AA09B9C3EFB6 /* GuidanceRipple.swift */ = {isa = PBXFileReference; lastKnownFileType = sourcecode.swift; path = GuidanceRipple.swift; sourceTree = "<group>"; };
		BF28591F663540B14E234A7B /* TextReader.swift */ = {isa = PBXFileReference; lastKnownFileType = sourcecode.swift; path = TextReader.swift; sourceTree = "<group>"; };
		C29E78E1A8A53BEE858D1CE1 /* LoadingScreen.swift */ = {isa = PBXFileReference; lastKnownFileType = sourcecode.swift; path = LoadingScreen.swift; sourceTree = "<group>"; };
		C71DF88D8113DD76FBDCD793 /* Secrets.swift */ = {isa = PBXFileReference; lastKnownFileType = sourcecode.swift; path = Secrets.swift; sourceTree = "<group>"; };
		C7AC696040FE59E1987F3400 /* TextConsolidator.swift */ = {isa = PBXFileReference; lastKnownFileType = sourcecode.swift; path = TextConsolidator.swift; sourceTree = "<group>"; };
		CD463215E3C783458B577589 /* AudioLevels.swift */ = {isa = PBXFileReference; lastKnownFileType = sourcecode.swift; path = AudioLevels.swift; sourceTree = "<group>"; };
		D042B4C320C0A8030FCE89C3 /* ContentView.swift */ = {isa = PBXFileReference; lastKnownFileType = sourcecode.swift; path = ContentView.swift; sourceTree = "<group>"; };
		D3F7D5E3895552FC8298F5D9 /* VoiceListener.swift */ = {isa = PBXFileReference; lastKnownFileType = sourcecode.swift; path = VoiceListener.swift; sourceTree = "<group>"; };
		D9A59E3D58DFA02F1D36A12C /* Preloader.swift */ = {isa = PBXFileReference; lastKnownFileType = sourcecode.swift; path = Preloader.swift; sourceTree = "<group>"; };
		E461E6687B4974F080215D52 /* WaterVisualizer.swift */ = {isa = PBXFileReference; lastKnownFileType = sourcecode.swift; path = WaterVisualizer.swift; sourceTree = "<group>"; };
		FCBF7EE06BA5F4C4C842A4E4 /* ListeningIndicator.swift */ = {isa = PBXFileReference; lastKnownFileType = sourcecode.swift; path = ListeningIndicator.swift; sourceTree = "<group>"; };
/* End PBXFileReference section */

/* Begin PBXFrameworksBuildPhase section */
		6073B723E80997A9949A2C94 /* Frameworks */ = {
			isa = PBXFrameworksBuildPhase;
			buildActionMask = 2147483647;
			files = (
				E2072F342DAF544C6A564709 /* ElevenLabs in Frameworks */,
			);
			runOnlyForDeploymentPostprocessing = 0;
		};
/* End PBXFrameworksBuildPhase section */

/* Begin PBXGroup section */
		1ACCD3A56B4BF8334F3423E1 /* Products */ = {
			isa = PBXGroup;
			children = (
				670DC86C0DB18949CDB87DC1 /* Probe.app */,
			);
			name = Products;
			sourceTree = "<group>";
		};
		686E8E840A99B12683723278 /* models */ = {
			isa = PBXGroup;
			children = (
				64F6761A78E6C7A20C73A1D1 /* yolo26n-seg.mlpackage */,
				1661E6CEAFB4C3F4E95D6F39 /* YOLOv10n_EGOHOS.mlpackage */,
			);
			name = models;
			path = ../models;
			sourceTree = "<group>";
		};
		A6BDC90C598E12E8EFC5D4D8 = {
			isa = PBXGroup;
			children = (
				B12232943ED274045182992C /* app */,
				686E8E840A99B12683723278 /* models */,
				1ACCD3A56B4BF8334F3423E1 /* Products */,
			);
			sourceTree = "<group>";
		};
		B12232943ED274045182992C /* app */ = {
			isa = PBXGroup;
			children = (
				47ED24F688C2262653605BBB /* AgentSession.swift */,
				68D5992E1058B33601F871FC /* AnalyzeView.swift */,
				1ADA98FBD5C78F1B3857D0BC /* App.swift */,
				B6EB0867995CD53A7FDE9BDA /* ArtLayer.swift */,
				0FDCC97F2465E97A7BDC4992 /* ArtRaster.swift */,
				04022284DE5C3A42ACE8C238 /* Assets.xcassets */,
				CD463215E3C783458B577589 /* AudioLevels.swift */,
				272AB201EA684ECBB6A6DE24 /* BoundingBox.swift */,
				63B65148AF6C036D950000E3 /* BubbleTitle.swift */,
				2552798524A1C27CEC39EC8E /* CameraController.swift */,
				6563B8BE5EBDABE5DDE83D5D /* CameraView.swift */,
				D042B4C320C0A8030FCE89C3 /* ContentView.swift */,
				075925305FE0EFB4A8FE5940 /* ConversationWater.swift */,
				167B060653111F9B3D3F7C72 /* EyeMotion.swift */,
				1CA05BACD95D4DD9D68FE3DC /* Floating.swift */,
				BE5473080B61AA09B9C3EFB6 /* GuidanceRipple.swift */,
				08C95FBFA6D313133260559A /* HandHighlight.swift */,
				A79294FF0E3302AD38048183 /* HomeArt.swift */,
				25AE8B98C924BB363BF7AED8 /* HomeScreen.swift */,
				B072411656FD1C35E3592A23 /* InteractionAnnouncer.swift */,
				FCBF7EE06BA5F4C4C842A4E4 /* ListeningIndicator.swift */,
				C29E78E1A8A53BEE858D1CE1 /* LoadingScreen.swift */,
				9D39750D2450B79995FB7009 /* MainArt.swift */,
				83C9D8DAB1B7AB3CD5F4CDE7 /* MainScreen.swift */,
				1093E5574AC6103355203B9E /* ModelStore.swift */,
				AABE1AE776C61D5609C3AA53 /* ObjectConversation.swift */,
				AC836258EA6D85AF03B410B2 /* ObjectDetection.swift */,
				943348DA5A76860DF7A00C9C /* PageTransition.swift */,
				D9A59E3D58DFA02F1D36A12C /* Preloader.swift */,
				C71DF88D8113DD76FBDCD793 /* Secrets.swift */,
				5CBFD54516A2BE2BA11AB950 /* Secrets.swift.example */,
				81F6B9BA60B38A233C43A596 /* Segmentation.swift */,
				94A24548AA65659AF3D98F67 /* Speaker.swift */,
				042CD5AF293CF5660EA95F25 /* StatusBlob.swift */,
				7F6AF529E6A62A09FE173B83 /* TargetParser.swift */,
				C7AC696040FE59E1987F3400 /* TextConsolidator.swift */,
				BF28591F663540B14E234A7B /* TextReader.swift */,
				D3F7D5E3895552FC8298F5D9 /* VoiceListener.swift */,
				469FDC05A5B5FE8A4925FDC2 /* VolumeHUDHider.swift */,
				E461E6687B4974F080215D52 /* WaterVisualizer.swift */,
			);
			name = app;
			path = .;
			sourceTree = "<group>";
		};
/* End PBXGroup section */

/* Begin PBXNativeTarget section */
		78DE96411CD202404D0EB238 /* Probe */ = {
			isa = PBXNativeTarget;
			buildConfigurationList = 994AE47A9D06B34933CCECDF /* Build configuration list for PBXNativeTarget "Probe" */;
			buildPhases = (
				12038353AE89A7B6471BFFB5 /* Sources */,
				C9B0A9EF8D8F1665DD1480A1 /* Resources */,
				6073B723E80997A9949A2C94 /* Frameworks */,
			);
			buildRules = (
			);
			dependencies = (
			);
			name = Probe;
			packageProductDependencies = (
				C3C1E510C6FB3E478F51A79B /* ElevenLabs */,
			);
			productName = Probe;
			productReference = 670DC86C0DB18949CDB87DC1 /* Probe.app */;
			productType = "com.apple.product-type.application";
		};
/* End PBXNativeTarget section */

/* Begin PBXProject section */
		587D90692CD26D0EA2FE6ACC /* Project object */ = {
			isa = PBXProject;
			attributes = {
				BuildIndependentTargetsInParallel = YES;
				LastUpgradeCheck = 1430;
				TargetAttributes = {
					78DE96411CD202404D0EB238 = {
						ProvisioningStyle = Automatic;
					};
				};
			};
			buildConfigurationList = CF443E36A5351D254050E971 /* Build configuration list for PBXProject "Probe" */;
			developmentRegion = en;
			hasScannedForEncodings = 0;
			knownRegions = (
				Base,
				en,
			);
			mainGroup = A6BDC90C598E12E8EFC5D4D8;
			minimizedProjectReferenceProxies = 1;
			packageReferences = (
				7C6AD5523A73D32106D9173E /* XCRemoteSwiftPackageReference "elevenlabs-swift-sdk" */,
			);
			preferredProjectObjectVersion = 77;
			productRefGroup = 1ACCD3A56B4BF8334F3423E1 /* Products */;
			projectDirPath = "";
			projectRoot = "";
			targets = (
				78DE96411CD202404D0EB238 /* Probe */,
			);
		};
/* End PBXProject section */

/* Begin PBXResourcesBuildPhase section */
		C9B0A9EF8D8F1665DD1480A1 /* Resources */ = {
			isa = PBXResourcesBuildPhase;
			buildActionMask = 2147483647;
			files = (
				B2F826878AC92D43EFCB812B /* Assets.xcassets in Resources */,
				BD6ABCBDD32B5D2D36A09361 /* Secrets.swift.example in Resources */,
			);
			runOnlyForDeploymentPostprocessing = 0;
		};
/* End PBXResourcesBuildPhase section */

/* Begin PBXSourcesBuildPhase section */
		12038353AE89A7B6471BFFB5 /* Sources */ = {
			isa = PBXSourcesBuildPhase;
			buildActionMask = 2147483647;
			files = (
				A4A967BD545C6D3733A0B36E /* AgentSession.swift in Sources */,
				02BF78B498232079710AC1AF /* AnalyzeView.swift in Sources */,
				421484C7BD362AF1F18AAFFF /* App.swift in Sources */,
				D47952F7B88DFCDCD0009CD9 /* ArtLayer.swift in Sources */,
				0E6C916EDD4CAC6D7FD4437F /* ArtRaster.swift in Sources */,
				FD378C8B85B1306FFF03D430 /* AudioLevels.swift in Sources */,
				191C045A950FDD5A295CDD0B /* BoundingBox.swift in Sources */,
				CF45367F13F801659E000F32 /* BubbleTitle.swift in Sources */,
				52B158C1C0DFC46E6F3EE7D2 /* CameraController.swift in Sources */,
				D716FA4AE2161C85EA0F4CC9 /* CameraView.swift in Sources */,
				536A270FCAE7B83045493559 /* ContentView.swift in Sources */,
				C783690B777A0AAB355ADBD6 /* ConversationWater.swift in Sources */,
				B2232D365B4B6691C1D0E66E /* EyeMotion.swift in Sources */,
				391B8B22F8E66954154253EC /* Floating.swift in Sources */,
				A094129BFDB2A8F550FE7633 /* GuidanceRipple.swift in Sources */,
				2CEEA1F445DA57CB98D0BDA6 /* HandHighlight.swift in Sources */,
				C02D354B64C321964111F0BF /* HomeArt.swift in Sources */,
				2D239C92CA04D0DB9C877061 /* HomeScreen.swift in Sources */,
				7CDC9606A4B4D38D6CE05093 /* InteractionAnnouncer.swift in Sources */,
				CF5E0A993DACD5B901B6D0D6 /* ListeningIndicator.swift in Sources */,
				9BF35FA1407D1C82F46C303B /* LoadingScreen.swift in Sources */,
				B395B7B3FBEF4249FC1C6F2C /* MainArt.swift in Sources */,
				1C4112677B9292B4392B3C3D /* MainScreen.swift in Sources */,
				89A2CBF80488EF3D05D533D3 /* ModelStore.swift in Sources */,
				A144C02B25E4943CDB562414 /* ObjectConversation.swift in Sources */,
				B0C979EC02F0C4FD5B6048C7 /* ObjectDetection.swift in Sources */,
				4708DF3DB51BFF4E08766703 /* PageTransition.swift in Sources */,
				0128F6B23AC5F864E2B97B58 /* Preloader.swift in Sources */,
				E9C7FB4161032AE67243F8E5 /* Secrets.swift in Sources */,
				A595B93E55A795E64C1D6C8B /* Segmentation.swift in Sources */,
				788E5A87F60B5A901EFF72A3 /* Speaker.swift in Sources */,
				E26FD30B4385B7C2FC62FEC1 /* StatusBlob.swift in Sources */,
				CF2BA737758600827A80C04F /* TargetParser.swift in Sources */,
				0744C04A12CE5B3237BC6C6F /* TextConsolidator.swift in Sources */,
				0244F1FB61A34DF764407286 /* TextReader.swift in Sources */,
				D11F61F2E882936D794193DC /* VoiceListener.swift in Sources */,
				86A7B3980A15F2671920DFFF /* VolumeHUDHider.swift in Sources */,
				A099AD42A5AFBE77CE205D88 /* WaterVisualizer.swift in Sources */,
				66D5DCF67111EBE36774E101 /* YOLOv10n_EGOHOS.mlpackage in Sources */,
				7CDDF775603879A49D65F52E /* yolo26n-seg.mlpackage in Sources */,
			);
			runOnlyForDeploymentPostprocessing = 0;
		};
/* End PBXSourcesBuildPhase section */

/* Begin XCBuildConfiguration section */
		1FC4CBA9787F45EC026A86EB /* Release */ = {
			isa = XCBuildConfiguration;
			buildSettings = {
				ASSETCATALOG_COMPILER_APPICON_NAME = AppIcon;
				CODE_SIGN_IDENTITY = "iPhone Developer";
				CODE_SIGN_STYLE = Automatic;
				DEVELOPMENT_TEAM = QSP8TR2JV5;
				INFOPLIST_FILE = Info.plist;
				LD_RUNPATH_SEARCH_PATHS = (
					"$(inherited)",
					"@executable_path/Frameworks",
				);
				PRODUCT_BUNDLE_IDENTIFIER = com.abirmodak.probe;
				SDKROOT = iphoneos;
				SWIFT_VERSION = 5.0;
				TARGETED_DEVICE_FAMILY = 1;
			};
			name = Release;
		};
		7B27C290F387B2DD52A77DC0 /* Debug */ = {
			isa = XCBuildConfiguration;
			buildSettings = {
				ALWAYS_SEARCH_USER_PATHS = NO;
				CLANG_ANALYZER_NONNULL = YES;
				CLANG_ANALYZER_NUMBER_OBJECT_CONVERSION = YES_AGGRESSIVE;
				CLANG_CXX_LANGUAGE_STANDARD = "gnu++14";
				CLANG_CXX_LIBRARY = "libc++";
				CLANG_ENABLE_MODULES = YES;
				CLANG_ENABLE_OBJC_ARC = YES;
				CLANG_ENABLE_OBJC_WEAK = YES;
				CLANG_WARN_BLOCK_CAPTURE_AUTORELEASING = YES;
				CLANG_WARN_BOOL_CONVERSION = YES;
				CLANG_WARN_COMMA = YES;
				CLANG_WARN_CONSTANT_CONVERSION = YES;
				CLANG_WARN_DEPRECATED_OBJC_IMPLEMENTATIONS = YES;
				CLANG_WARN_DIRECT_OBJC_ISA_USAGE = YES_ERROR;
				CLANG_WARN_DOCUMENTATION_COMMENTS = YES;
				CLANG_WARN_EMPTY_BODY = YES;
				CLANG_WARN_ENUM_CONVERSION = YES;
				CLANG_WARN_INFINITE_RECURSION = YES;
				CLANG_WARN_INT_CONVERSION = YES;
				CLANG_WARN_NON_LITERAL_NULL_CONVERSION = YES;
				CLANG_WARN_OBJC_IMPLICIT_RETAIN_SELF = YES;
				CLANG_WARN_OBJC_LITERAL_CONVERSION = YES;
				CLANG_WARN_OBJC_ROOT_CLASS = YES_ERROR;
				CLANG_WARN_QUOTED_INCLUDE_IN_FRAMEWORK_HEADER = YES;
				CLANG_WARN_RANGE_LOOP_ANALYSIS = YES;
				CLANG_WARN_STRICT_PROTOTYPES = YES;
				CLANG_WARN_SUSPICIOUS_MOVE = YES;
				CLANG_WARN_UNGUARDED_AVAILABILITY = YES_AGGRESSIVE;
				CLANG_WARN_UNREACHABLE_CODE = YES;
				CLANG_WARN__DUPLICATE_METHOD_MATCH = YES;
				COPY_PHASE_STRIP = NO;
				DEBUG_INFORMATION_FORMAT = dwarf;
				ENABLE_STRICT_OBJC_MSGSEND = YES;
				ENABLE_TESTABILITY = YES;
				GCC_C_LANGUAGE_STANDARD = gnu11;
				GCC_DYNAMIC_NO_PIC = NO;
				GCC_NO_COMMON_BLOCKS = YES;
				GCC_OPTIMIZATION_LEVEL = 0;
				GCC_PREPROCESSOR_DEFINITIONS = (
					"$(inherited)",
					"DEBUG=1",
				);
				GCC_WARN_64_TO_32_BIT_CONVERSION = YES;
				GCC_WARN_ABOUT_RETURN_TYPE = YES_ERROR;
				GCC_WARN_UNDECLARED_SELECTOR = YES;
				GCC_WARN_UNINITIALIZED_AUTOS = YES_AGGRESSIVE;
				GCC_WARN_UNUSED_FUNCTION = YES;
				GCC_WARN_UNUSED_VARIABLE = YES;
				IPHONEOS_DEPLOYMENT_TARGET = 17.0;
				MTL_ENABLE_DEBUG_INFO = INCLUDE_SOURCE;
				MTL_FAST_MATH = YES;
				ONLY_ACTIVE_ARCH = YES;
				PRODUCT_NAME = "$(TARGET_NAME)";
				SDKROOT = iphoneos;
				SWIFT_ACTIVE_COMPILATION_CONDITIONS = DEBUG;
				SWIFT_OPTIMIZATION_LEVEL = "-Onone";
				SWIFT_VERSION = 5.0;
			};
			name = Debug;
		};
		B3ADA2309A2481A6D5D24A7D /* Release */ = {
			isa = XCBuildConfiguration;
			buildSettings = {
				ALWAYS_SEARCH_USER_PATHS = NO;
				CLANG_ANALYZER_NONNULL = YES;
				CLANG_ANALYZER_NUMBER_OBJECT_CONVERSION = YES_AGGRESSIVE;
				CLANG_CXX_LANGUAGE_STANDARD = "gnu++14";
				CLANG_CXX_LIBRARY = "libc++";
				CLANG_ENABLE_MODULES = YES;
				CLANG_ENABLE_OBJC_ARC = YES;
				CLANG_ENABLE_OBJC_WEAK = YES;
				CLANG_WARN_BLOCK_CAPTURE_AUTORELEASING = YES;
				CLANG_WARN_BOOL_CONVERSION = YES;
				CLANG_WARN_COMMA = YES;
				CLANG_WARN_CONSTANT_CONVERSION = YES;
				CLANG_WARN_DEPRECATED_OBJC_IMPLEMENTATIONS = YES;
				CLANG_WARN_DIRECT_OBJC_ISA_USAGE = YES_ERROR;
				CLANG_WARN_DOCUMENTATION_COMMENTS = YES;
				CLANG_WARN_EMPTY_BODY = YES;
				CLANG_WARN_ENUM_CONVERSION = YES;
				CLANG_WARN_INFINITE_RECURSION = YES;
				CLANG_WARN_INT_CONVERSION = YES;
				CLANG_WARN_NON_LITERAL_NULL_CONVERSION = YES;
				CLANG_WARN_OBJC_IMPLICIT_RETAIN_SELF = YES;
				CLANG_WARN_OBJC_LITERAL_CONVERSION = YES;
				CLANG_WARN_OBJC_ROOT_CLASS = YES_ERROR;
				CLANG_WARN_QUOTED_INCLUDE_IN_FRAMEWORK_HEADER = YES;
				CLANG_WARN_RANGE_LOOP_ANALYSIS = YES;
				CLANG_WARN_STRICT_PROTOTYPES = YES;
				CLANG_WARN_SUSPICIOUS_MOVE = YES;
				CLANG_WARN_UNGUARDED_AVAILABILITY = YES_AGGRESSIVE;
				CLANG_WARN_UNREACHABLE_CODE = YES;
				CLANG_WARN__DUPLICATE_METHOD_MATCH = YES;
				COPY_PHASE_STRIP = NO;
				DEBUG_INFORMATION_FORMAT = "dwarf-with-dsym";
				ENABLE_NS_ASSERTIONS = NO;
				ENABLE_STRICT_OBJC_MSGSEND = YES;
				GCC_C_LANGUAGE_STANDARD = gnu11;
				GCC_NO_COMMON_BLOCKS = YES;
				GCC_WARN_64_TO_32_BIT_CONVERSION = YES;
				GCC_WARN_ABOUT_RETURN_TYPE = YES_ERROR;
				GCC_WARN_UNDECLARED_SELECTOR = YES;
				GCC_WARN_UNINITIALIZED_AUTOS = YES_AGGRESSIVE;
				GCC_WARN_UNUSED_FUNCTION = YES;
				GCC_WARN_UNUSED_VARIABLE = YES;
				IPHONEOS_DEPLOYMENT_TARGET = 17.0;
				MTL_ENABLE_DEBUG_INFO = NO;
				MTL_FAST_MATH = YES;
				PRODUCT_NAME = "$(TARGET_NAME)";
				SDKROOT = iphoneos;
				SWIFT_COMPILATION_MODE = wholemodule;
				SWIFT_OPTIMIZATION_LEVEL = "-O";
				SWIFT_VERSION = 5.0;
			};
			name = Release;
		};
		EB2BA8CAEC40E01A3787EA3D /* Debug */ = {
			isa = XCBuildConfiguration;
			buildSettings = {
				ASSETCATALOG_COMPILER_APPICON_NAME = AppIcon;
				CODE_SIGN_IDENTITY = "iPhone Developer";
				CODE_SIGN_STYLE = Automatic;
				DEVELOPMENT_TEAM = QSP8TR2JV5;
				INFOPLIST_FILE = Info.plist;
				LD_RUNPATH_SEARCH_PATHS = (
					"$(inherited)",
					"@executable_path/Frameworks",
				);
				PRODUCT_BUNDLE_IDENTIFIER = com.abirmodak.probe;
				SDKROOT = iphoneos;
				SWIFT_VERSION = 5.0;
				TARGETED_DEVICE_FAMILY = 1;
			};
			name = Debug;
		};
/* End XCBuildConfiguration section */

/* Begin XCConfigurationList section */
		994AE47A9D06B34933CCECDF /* Build configuration list for PBXNativeTarget "Probe" */ = {
			isa = XCConfigurationList;
			buildConfigurations = (
				EB2BA8CAEC40E01A3787EA3D /* Debug */,
				1FC4CBA9787F45EC026A86EB /* Release */,
			);
			defaultConfigurationIsVisible = 0;
			defaultConfigurationName = Debug;
		};
		CF443E36A5351D254050E971 /* Build configuration list for PBXProject "Probe" */ = {
			isa = XCConfigurationList;
			buildConfigurations = (
				7B27C290F387B2DD52A77DC0 /* Debug */,
				B3ADA2309A2481A6D5D24A7D /* Release */,
			);
			defaultConfigurationIsVisible = 0;
			defaultConfigurationName = Debug;
		};
/* End XCConfigurationList section */

/* Begin XCRemoteSwiftPackageReference section */
		7C6AD5523A73D32106D9173E /* XCRemoteSwiftPackageReference "elevenlabs-swift-sdk" */ = {
			isa = XCRemoteSwiftPackageReference;
			repositoryURL = "https://github.com/elevenlabs/elevenlabs-swift-sdk.git";
			requirement = {
				kind = upToNextMajorVersion;
				minimumVersion = 3.3.1;
			};
		};
/* End XCRemoteSwiftPackageReference section */

/* Begin XCSwiftPackageProductDependency section */
		C3C1E510C6FB3E478F51A79B /* ElevenLabs */ = {
			isa = XCSwiftPackageProductDependency;
			package = 7C6AD5523A73D32106D9173E /* XCRemoteSwiftPackageReference "elevenlabs-swift-sdk" */;
			productName = ElevenLabs;
		};
/* End XCSwiftPackageProductDependency section */
	};
	rootObject = 587D90692CD26D0EA2FE6ACC /* Project object */;
}
